
Microsoft Visual Studio Solution File, Format Version 12.00
# Visual Studio Version 16
VisualStudioVersion = 16.0.31410.357
MinimumVisualStudioVersion = 10.0.40219.1
Project("{FAE04EC0-301F-11D3-BF4B-00C04F79EFBC}") = "Ex01", "Session 06\Ex01.csproj", "{7D06BB23-3144-45B1-BBA9-A7CEFE66C94C}"
EndProject
Project("{FAE04EC0-301F-11D3-BF4B-00C04F79EFBC}") = "Ex02", "Ex02\Ex02.csproj", "{386BEF40-B4AF-4B25-BB0A-58F2A41832E4}"
EndProject
Project("{FAE04EC0-301F-11D3-BF4B-00C04F79EFBC}") = "Ex03", "Ex03\Ex03.csproj", "{9AA15467-3306-4B59-8668-97B2BB99CE9B}"
EndProject
Project("{FAE04EC0-301F-11D3-BF4B-00C04F79EFBC}") = "Ex04", "Ex04\Ex04.csproj", "{72550A67-E921-4F14-BFE1-396650B2C53A}"
EndProject
Project("{FAE04EC0-301F-11D3-BF4B-00C04F79EFBC}") = "Ex05", "Ex05\Ex05.csproj", "{1A3D670E-AAD7-4217-9271-106A83EEE64D}"
EndProject
Project("{FAE04EC0-301F-11D3-BF4B-00C04F79EFBC}") = "Ex06", "Ex06\Ex06.csproj", "{7AB52601-D05D-4C74-ABC8-FE04003D46CA}"
EndProject
Project("{FAE04EC0-301F-11D3-BF4B-00C04F79EFBC}") = "Ex07", "Ex07\Ex07.csproj", "{0909C610-A006-44EF-949C-3A9B44D23CA9}"
EndProject
Project("{FAE04EC0-301F-11D3-BF4B-00C04F79EFBC}") = "Ex08", "Ex08\Ex08.csproj", "{27FC2C19-8704-4967-B7B4-FA68415AEFA7}"
EndProject
Project("{FAE04EC0-301F-11D3-BF4B-00C04F79EFBC}") = "Ex09", "Ex09\Ex09.csproj", "{F2D19B0C-604F-4A42-8E8F-365E07826AE2}"
EndProject
Project("{FAE04EC0-301F-11D3-BF4B-00C04F79EFBC}") = "Ex10", "Ex10\Ex10.csproj", "{4CEBBE6D-37DD-4F02-81F3-24ACE7D291BF}"
EndProject
Project("{FAE04EC0-301F-11D3-BF4B-00C04F79EFBC}") = "Ex11", "Ex11\Ex11.csproj", "{13290DC4-3695-4EDF-BADA-9D72132EEAFB}"
EndProject
Project("{FAE04EC0-301F-11D3-BF4B-00C04F79EFBC}") = "Ex12", "Ex12\Ex12.csproj", "{DAB8D376-3A4C-4FFE-8819-30F585947B13}"
EndProject
Project("{FAE04EC0-301F-11D3-BF4B-00C04F79EFBC}") = "Ex13", "Ex13\Ex13.csproj", "{9DD19A76-52F8-484D-8F8B-8FA8194E1408}"
EndProject
Project("{FAE04EC0-301F-11D3-BF4B-00C04F79EFBC}") = "Ex14", "Ex14\Ex14.csproj", "{ECB8CDCF-62B8-49DE-892A-DD643C4F8B97}"
EndProject
Project("{FAE04EC0-301F-11D3-BF4B-00C04F79EFBC}") = "Ex15", "Ex15\Ex15.csproj", "{E5BFD6F8-9B2A-49D3-AD9E-B69FDFB6787B}"
EndProject
Project("{FAE04EC0-301F-11D3-BF4B-00C04F79EFBC}") = "Ex16", "Ex16\Ex16.csproj", "{C5A14C84-98C1-4B50-A466-A036AFAC4170}"
EndProject
Project("{FAE04EC0-301F-11D3-BF4B-00C04F79EFBC}") = "Ex17", "Ex17\Ex17.csproj", "{139ED604-8A38-4CEA-94F9-5A2223C298B2}"
EndProject
Project("{FAE04EC0-301F-11D3-BF4B-00C04F79EFBC}") = "Ex18", "Ex18\Ex18.csproj", "{E3C75263-EA89-4ED3-9F17-061919F452A3}"
EndProject
Project("{FAE04EC0-301F-11D3-BF4B-00C04F79EFBC}") = "Ex19", "Ex19\Ex19.csproj", "{4AE932E2-B0BD-4F1D-BB7F-58C29DD53A16}"
EndProject
Project("{FAE04EC0-301F-11D3-BF4B-00C04F79EFBC}") = "Ex20", "Ex20\Ex20.csproj", "{08094497-7831-45BB-8A8C-3157F6A13CCE}"
EndProject
Global
	GlobalSection(SolutionConfigurationPlatforms) = preSolution
		Debug|Any CPU = Debug|Any CPU
		Release|Any CPU = Release|Any CPU
	EndGlobalSection
	GlobalSection(ProjectConfigurationPlatforms) = postSolution
		{7D06BB23-3144-45B1-BBA9-A7CEFE66C94C}.Debug|Any CPU.ActiveCfg = Debug|Any CPU
		{7D06BB23-3144-45B1-BBA9-A7CEFE66C94C}.Debug|Any CPU.Build.0 = Debug|Any CPU
		{7D06BB23-3144-45B1-BBA9-A7CEFE66C94C}.Release|Any CPU.ActiveCfg = Release|Any CPU
		{7D06BB23-3144-45B1-BBA9-A7CEFE66C94C}.Release|Any CPU.Build.0 = Release|Any CPU
		{386BEF40-B4AF-4B25-BB0A-58F2A41832E4}.Debug|Any CPU.ActiveCfg = Debug|Any CPU
		{386BEF40-B4AF-4B25-BB0A-58F2A41832E4}.Debug|Any CPU.Build.0 = Debug|Any CPU
		{386BEF40-B4AF-4B25-BB0A-58F2A41832E4}.Release|Any CPU.ActiveCfg = Release|Any CPU
		{386BEF40-B4AF-4B25-BB0A-58F2A41832E4}.Release|Any CPU.Build.0 = Release|Any CPU
		{9AA15467-3306-4B59-8668-97B2BB99CE9B}.Debug|Any CPU.ActiveCfg = Debug|Any CPU
		{9AA15467-3306-4B59-8668-97B2BB99CE9B}.Debug|Any CPU.Build.0 = Debug|Any CPU
		{9AA15467-3306-4B59-8668-97B2BB99CE9B}.Release|Any CPU.ActiveCfg = Release|Any CPU
		{9AA15467-3306-4B59-8668-97B2BB99CE9B}.Release|Any CPU.Build.0 = Release|Any CPU
		{72550A67-E921-4F14-BFE1-396650B2C53A}.Debug|Any CPU.ActiveCfg = Debug|Any CPU
		{72550A67-E921-4F14-BFE1-396650B2C53A}.Debug|Any CPU.Build.0 = Debug|Any CPU
		{72550A67-E921-4F14-BFE1-396650B2C53A}.Release|Any CPU.ActiveCfg = Release|Any CPU
		{72550A67-E921-4F14-BFE1-396650B2C53A}.Release|Any CPU.Build.0 = Release|Any CPU
		{1A3D670E-AAD7-4217-9271-106A83EEE64D}.Debug|Any CPU.ActiveCfg = Debug|Any CPU
		{1A3D670E-AAD7-4217-9271-106A83EEE64D}.Debug|Any CPU.Build.0 = Debug|Any CPU
		{1A3D670E-AAD7-4217-9271-106A83EEE64D}.Release|Any CPU.ActiveCfg = Release|Any CPU
		{1A3D670E-AAD7-4217-9271-106A83EEE64D}.Release|Any CPU.Build.0 = Release|Any CPU
		{7AB52601-D05D-4C74-ABC8-FE04003D46CA}.Debug|Any CPU.ActiveCfg = Debug|Any CPU
		{7AB52601-D05D-4C74-ABC8-FE04003D46CA}.Debug|Any CPU.Build.0 = Debug|Any CPU
		{7AB52601-D05D-4C74-ABC8-FE04003D46CA}.Release|Any CPU.ActiveCfg = Release|Any CPU
		{7AB52601-D05D-4C74-ABC8-FE04003D46CA}.Release|Any CPU.Build.0 = Release|Any CPU
		{0909C610-A006-44EF-949C-3A9B44D23CA9}.Debug|Any CPU.ActiveCfg = Debug|Any CPU
		{0909C610-A006-44EF-949C-3A9B44D23CA9}.Debug|Any CPU.Build.0 = Debug|Any CPU
		{0909C610-A006-44EF-949C-3A9B44D23CA9}.Release|Any CPU.ActiveCfg = Release|Any CPU
		{0909C610-A006-44EF-949C-3A9B44D23CA9}.Release|Any CPU.Build.0 = Release|Any CPU
		{27FC2C19-8704-4967-B7B4-FA68415AEFA7}.Debug|Any CPU.ActiveCfg = Debug|Any CPU
		{27FC2C19-8704-4967-B7B4-FA68415AEFA7}.Debug|Any CPU.Build.0 = Debug|Any CPU
		{27FC2C19-8704-4967-B7B4-FA68415AEFA7}.Release|Any CPU.ActiveCfg = Release|Any CPU
		{27FC2C19-8704-4967-B7B4-FA68415AEFA7}.Release|Any CPU.Build.0 = Release|Any CPU
		{F2D19B0C-604F-4A42-8E8F-365E07826AE2}.Debug|Any CPU.ActiveCfg = Debug|Any CPU
		{F2D19B0C-604F-4A42-8E8F-365E07826AE2}.Debug|Any CPU.Build.0 = Debug|Any CPU
		{F2D19B0C-604F-4A42-8E8F-365E07826AE2}.Release|Any CPU.ActiveCfg = Release|Any CPU
		{F2D19B0C-604F-4A42-8E8F-365E07826AE2}.Release|Any CPU.Build.0 = Release|Any CPU
		{4CEBBE6D-37DD-4F02-81F3-24ACE7D291BF}.Debug|Any CPU.ActiveCfg = Debug|Any CPU
		{4CEBBE6D-37DD-4F02-81F3-24ACE7D291BF}.Debug|Any CPU.Build.0 = Debug|Any CPU
		{4CEBBE6D-37DD-4F02-81F3-24ACE7D291BF}.Release|Any CPU.ActiveCfg = Release|Any CPU
		{4CEBBE6D-37DD-4F02-81F3-24ACE7D291BF}.Release|Any CPU.Build.0 = Release|Any CPU
		{13290DC4-3695-4EDF-BADA-9D72132EEAFB}.Debug|Any CPU.ActiveCfg = Debug|Any CPU
		{13290DC4-3695-4EDF-BADA-9D72132EEAFB}.Debug|Any CPU.Build.0 = Debug|Any CPU
		{13290DC4-3695-4EDF-BADA-9D72132EEAFB}.Release|Any CPU.ActiveCfg = Release|Any CPU
		{13290DC4-3695-4EDF-BADA-9D72132EEAFB}.Release|Any CPU.Build.0 = Release|Any CPU
		{DAB8D376-3A4C-4FFE-8819-30F585947B13}.Debug|Any CPU.ActiveCfg = Debug|Any CPU
		{DAB8D376-3A4C-4FFE-8819-30F585947B13}.Debug|Any CPU.Build.0 = Debug|Any CPU
		{DAB8D376-3A4C-4FFE-8819-30F585947B13}.Release|Any CPU.ActiveCfg = Release|Any CPU
		{DAB8D376-3A4C-4FFE-8819-30F585947B13}.Release|Any CPU.Build.0 = Release|Any CPU
		{9DD19A76-52F8-484D-8F8B-8FA8194E1408}.Debug|Any CPU.ActiveCfg = Debug|Any CPU
		{9DD19A76-52F8-484D-8F8B-8FA8194E1408}.Debug|Any CPU.Build.0 = Debug|Any CPU
		{9DD19A76-52F8-484D-8F8B-8FA8194E1408}.Release|Any CPU.ActiveCfg = Release|Any CPU
		{9DD19A76-52F8-484D-8F8B-8FA8194E1408}.Release|Any CPU.Build.0 = Release|Any CPU
		{ECB8CDCF-62B8-49DE-892A-DD643C4F8B97}.Debug|Any CPU.ActiveCfg = Debug|Any CPU
		{ECB8CDCF-62B8-49DE-892A-DD643C4F8B97}.Debug|Any CPU.Build.0 = Debug|Any CPU
		{ECB8CDCF-62B8-49DE-892A-DD643C4F8B97}.Release|Any CPU.ActiveCfg = Release|Any CPU
		{ECB8CDCF-62B8-49DE-892A-DD643C4F8B97}.Release|Any CPU.Build.0 = Release|Any CPU
		{E5BFD6F8-9B2A-49D3-AD9E-B69FDFB6787B}.Debug|Any CPU.ActiveCfg = Debug|Any CPU
		{E5BFD6F8-9B2A-49D3-AD9E-B69FDFB6787B}.Debug|Any CPU.Build.0 = Debug|Any CPU
		{E5BFD6F8-9B2A-49D3-AD9E-B69FDFB6787B}.Release|Any CPU.ActiveCfg = Release|Any CPU
		{E5BFD6F8-9B2A-49D3-AD9E-B69FDFB6787B}.Release|Any CPU.Build.0 = Release|Any CPU
		{C5A14C84-98C1-4B50-A466-A036AFAC4170}.Debug|Any CPU.ActiveCfg = Debug|Any CPU
		{C5A14C84-98C1-4B50-A466-A036AFAC4170}.Debug|Any CPU.Build.0 = Debug|Any CPU
		{C5A14C84-98C1-4B50-A466-A036AFAC4170}.Release|Any CPU.ActiveCfg = Release|Any CPU
		{C5A14C84-98C1-4B50-A466-A036AFAC4170}.Release|Any CPU.Build.0 = Release|Any CPU
		{139ED604-8A38-4CEA-94F9-5A2223C298B2}.Debug|Any CPU.ActiveCfg = Debug|Any CPU
		{139ED604-8A38-4CEA-94F9-5A2223C298B2}.Debug|Any CPU.Build.0 = Debug|Any CPU
		{139ED604-8A38-4CEA-94F9-5A2223C298B2}.Release|Any CPU.ActiveCfg = Release|Any CPU
		{139ED604-8A38-4CEA-94F9-5A2223C298B2}.Release|Any CPU.Build.0 = Release|Any CPU
		{E3C75263-EA89-4ED3-9F17-061919F452A3}.Debug|Any CPU.ActiveCfg = Debug|Any CPU
		{E3C75263-EA89-4ED3-9F17-061919F452A3}.Debug|Any CPU.Build.0 = Debug|Any CPU
		{E3C75263-EA89-4ED3-9F17-061919F452A3}.Release|Any CPU.ActiveCfg = Release|Any CPU
		{E3C75263-EA89-4ED3-9F17-061919F452A3}.Release|Any CPU.Build.0 = Release|Any CPU
		{4AE932E2-B0BD-4F1D-BB7F-58C29DD53A16}.Debug|Any CPU.ActiveCfg = Debug|Any CPU
		{4AE932E2-B0BD-4F1D-BB7F-58C29DD53A16}.Debug|Any CPU.Build.0 = Debug|Any CPU
		{4AE932E2-B0BD-4F1D-BB7F-58C29DD53A16}.Release|Any CPU.ActiveCfg = Release|Any CPU
		{4AE932E2-B0BD-4F1D-BB7F-58C29DD53A16}.Release|Any CPU.Build.0 = Release|Any CPU
		{08094497-7831-45BB-8A8C-3157F6A13CCE}.Debug|Any CPU.ActiveCfg = Debug|Any CPU
		{08094497-7831-45BB-8A8C-3157F6A13CCE}.Debug|Any CPU.Build.0 = Debug|Any CPU
		{08094497-7831-45BB-8A8C-3157F6A13CCE}.Release|Any CPU.ActiveCfg = Release|Any CPU
		{08094497-7831-45BB-8A8C-3157F6A13CCE}.Release|Any CPU.Build.0 = Release|Any CPU
	EndGlobalSection
	GlobalSection(SolutionProperties) = preSolution
		HideSolutionNode = FALSE
	EndGlobalSection
	GlobalSection(ExtensibilityGlobals) = postSolution
		SolutionGuid = {7E9092DD-3D87-4012-92F7-89280929F89D}
	EndGlobalSection
EndGlobal
