
Microsoft Visual Studio Solution File, Format Version 12.00
# Visual Studio Version 16
VisualStudioVersion = 16.0.31410.357
MinimumVisualStudioVersion = 10.0.40219.1
Project("{9A19103F-16F7-4668-BE54-9A1E7A4F7556}") = "GeometryExample", "B1\GeometryExample.csproj", "{7EC74415-B9CF-446A-A0A3-DFAA12B3BE09}"
EndProject
Project("{FAE04EC0-301F-11D3-BF4B-00C04F79EFBC}") = "Bài 2", "Bài 2\Bài 2.csproj", "{99B6255D-4D73-4A32-8694-F0FAA4EA8725}"
EndProject
Global
	GlobalSection(SolutionConfigurationPlatforms) = preSolution
		Debug|Any CPU = Debug|Any CPU
		Release|Any CPU = Release|Any CPU
	EndGlobalSection
	GlobalSection(ProjectConfigurationPlatforms) = postSolution
		{7EC74415-B9CF-446A-A0A3-DFAA12B3BE09}.Debug|Any CPU.ActiveCfg = Debug|Any CPU
		{7EC74415-B9CF-446A-A0A3-DFAA12B3BE09}.Debug|Any CPU.Build.0 = Debug|Any CPU
		{7EC74415-B9CF-446A-A0A3-DFAA12B3BE09}.Release|Any CPU.ActiveCfg = Release|Any CPU
		{7EC74415-B9CF-446A-A0A3-DFAA12B3BE09}.Release|Any CPU.Build.0 = Release|Any CPU
		{99B6255D-4D73-4A32-8694-F0FAA4EA8725}.Debug|Any CPU.ActiveCfg = Debug|Any CPU
		{99B6255D-4D73-4A32-8694-F0FAA4EA8725}.Debug|Any CPU.Build.0 = Debug|Any CPU
		{99B6255D-4D73-4A32-8694-F0FAA4EA8725}.Release|Any CPU.ActiveCfg = Release|Any CPU
		{99B6255D-4D73-4A32-8694-F0FAA4EA8725}.Release|Any CPU.Build.0 = Release|Any CPU
	EndGlobalSection
	GlobalSection(SolutionProperties) = preSolution
		HideSolutionNode = FALSE
	EndGlobalSection
	GlobalSection(ExtensibilityGlobals) = postSolution
		SolutionGuid = {A35B55DA-8802-4327-8C54-8A4D2AFC1C64}
	EndGlobalSection
EndGlobal
