
Microsoft Visual Studio Solution File, Format Version 12.00
# Visual Studio Version 16
VisualStudioVersion = 16.0.31410.357
MinimumVisualStudioVersion = 10.0.40219.1
Project("{FAE04EC0-301F-11D3-BF4B-00C04F79EFBC}") = "Ex01", "Lab 6\Ex01.csproj", "{76E3F040-F15C-4A39-84E6-5BDB2E041CC7}"
EndProject
Project("{FAE04EC0-301F-11D3-BF4B-00C04F79EFBC}") = "Ex02", "Ex02\Ex02.csproj", "{E05B9CC9-7195-4734-98E5-C273438B0022}"
EndProject
Project("{FAE04EC0-301F-11D3-BF4B-00C04F79EFBC}") = "Ex03", "Ex03\Ex03.csproj", "{3A0DBF39-21C5-437B-BA4F-B113D3B791E8}"
EndProject
Project("{FAE04EC0-301F-11D3-BF4B-00C04F79EFBC}") = "Ex04", "Ex04\Ex04.csproj", "{97A582B0-36F5-411F-9B5B-5318A317F6EC}"
EndProject
Project("{FAE04EC0-301F-11D3-BF4B-00C04F79EFBC}") = "Ex05", "Ex05\Ex05.csproj", "{230C5C16-B927-4DB7-BA51-428C88E9E01A}"
EndProject
Project("{FAE04EC0-301F-11D3-BF4B-00C04F79EFBC}") = "Ex06", "Ex06\Ex06.csproj", "{C1496131-BA04-439F-996B-2AB92266700D}"
EndProject
Project("{FAE04EC0-301F-11D3-BF4B-00C04F79EFBC}") = "Ex07", "Ex07\Ex07.csproj", "{F5A56DB5-342B-414F-8251-114E7BC23810}"
EndProject
Project("{FAE04EC0-301F-11D3-BF4B-00C04F79EFBC}") = "Ex08", "Ex08\Ex08.csproj", "{AE4B858F-FBD8-43BD-B11E-1C14A8FEF16C}"
EndProject
Project("{FAE04EC0-301F-11D3-BF4B-00C04F79EFBC}") = "Ex09", "Ex09\Ex09.csproj", "{5D208BB2-0B6D-43F5-89FD-F4CEBA07139B}"
EndProject
Project("{FAE04EC0-301F-11D3-BF4B-00C04F79EFBC}") = "Ex10", "Ex10\Ex10.csproj", "{F63226AE-CCC9-4531-A83D-2876B623D0C3}"
EndProject
Project("{FAE04EC0-301F-11D3-BF4B-00C04F79EFBC}") = "Ex11", "Ex11\Ex11.csproj", "{17522772-ACCE-4E10-93E1-48AFF9FD4281}"
EndProject
Project("{FAE04EC0-301F-11D3-BF4B-00C04F79EFBC}") = "Ex12", "Ex12\Ex12.csproj", "{E3638462-B27E-43F4-92E0-F2FA99666B05}"
EndProject
Project("{FAE04EC0-301F-11D3-BF4B-00C04F79EFBC}") = "Ex13", "Ex13\Ex13.csproj", "{BADFE8D1-9477-4A55-8857-BC12E8E64FF5}"
EndProject
Global
	GlobalSection(SolutionConfigurationPlatforms) = preSolution
		Debug|Any CPU = Debug|Any CPU
		Release|Any CPU = Release|Any CPU
	EndGlobalSection
	GlobalSection(ProjectConfigurationPlatforms) = postSolution
		{76E3F040-F15C-4A39-84E6-5BDB2E041CC7}.Debug|Any CPU.ActiveCfg = Debug|Any CPU
		{76E3F040-F15C-4A39-84E6-5BDB2E041CC7}.Debug|Any CPU.Build.0 = Debug|Any CPU
		{76E3F040-F15C-4A39-84E6-5BDB2E041CC7}.Release|Any CPU.ActiveCfg = Release|Any CPU
		{76E3F040-F15C-4A39-84E6-5BDB2E041CC7}.Release|Any CPU.Build.0 = Release|Any CPU
		{E05B9CC9-7195-4734-98E5-C273438B0022}.Debug|Any CPU.ActiveCfg = Debug|Any CPU
		{E05B9CC9-7195-4734-98E5-C273438B0022}.Debug|Any CPU.Build.0 = Debug|Any CPU
		{E05B9CC9-7195-4734-98E5-C273438B0022}.Release|Any CPU.ActiveCfg = Release|Any CPU
		{E05B9CC9-7195-4734-98E5-C273438B0022}.Release|Any CPU.Build.0 = Release|Any CPU
		{3A0DBF39-21C5-437B-BA4F-B113D3B791E8}.Debug|Any CPU.ActiveCfg = Debug|Any CPU
		{3A0DBF39-21C5-437B-BA4F-B113D3B791E8}.Debug|Any CPU.Build.0 = Debug|Any CPU
		{3A0DBF39-21C5-437B-BA4F-B113D3B791E8}.Release|Any CPU.ActiveCfg = Release|Any CPU
		{3A0DBF39-21C5-437B-BA4F-B113D3B791E8}.Release|Any CPU.Build.0 = Release|Any CPU
		{97A582B0-36F5-411F-9B5B-5318A317F6EC}.Debug|Any CPU.ActiveCfg = Debug|Any CPU
		{97A582B0-36F5-411F-9B5B-5318A317F6EC}.Debug|Any CPU.Build.0 = Debug|Any CPU
		{97A582B0-36F5-411F-9B5B-5318A317F6EC}.Release|Any CPU.ActiveCfg = Release|Any CPU
		{97A582B0-36F5-411F-9B5B-5318A317F6EC}.Release|Any CPU.Build.0 = Release|Any CPU
		{230C5C16-B927-4DB7-BA51-428C88E9E01A}.Debug|Any CPU.ActiveCfg = Debug|Any CPU
		{230C5C16-B927-4DB7-BA51-428C88E9E01A}.Debug|Any CPU.Build.0 = Debug|Any CPU
		{230C5C16-B927-4DB7-BA51-428C88E9E01A}.Release|Any CPU.ActiveCfg = Release|Any CPU
		{230C5C16-B927-4DB7-BA51-428C88E9E01A}.Release|Any CPU.Build.0 = Release|Any CPU
		{C1496131-BA04-439F-996B-2AB92266700D}.Debug|Any CPU.ActiveCfg = Debug|Any CPU
		{C1496131-BA04-439F-996B-2AB92266700D}.Debug|Any CPU.Build.0 = Debug|Any CPU
		{C1496131-BA04-439F-996B-2AB92266700D}.Release|Any CPU.ActiveCfg = Release|Any CPU
		{C1496131-BA04-439F-996B-2AB92266700D}.Release|Any CPU.Build.0 = Release|Any CPU
		{F5A56DB5-342B-414F-8251-114E7BC23810}.Debug|Any CPU.ActiveCfg = Debug|Any CPU
		{F5A56DB5-342B-414F-8251-114E7BC23810}.Debug|Any CPU.Build.0 = Debug|Any CPU
		{F5A56DB5-342B-414F-8251-114E7BC23810}.Release|Any CPU.ActiveCfg = Release|Any CPU
		{F5A56DB5-342B-414F-8251-114E7BC23810}.Release|Any CPU.Build.0 = Release|Any CPU
		{AE4B858F-FBD8-43BD-B11E-1C14A8FEF16C}.Debug|Any CPU.ActiveCfg = Debug|Any CPU
		{AE4B858F-FBD8-43BD-B11E-1C14A8FEF16C}.Debug|Any CPU.Build.0 = Debug|Any CPU
		{AE4B858F-FBD8-43BD-B11E-1C14A8FEF16C}.Release|Any CPU.ActiveCfg = Release|Any CPU
		{AE4B858F-FBD8-43BD-B11E-1C14A8FEF16C}.Release|Any CPU.Build.0 = Release|Any CPU
		{5D208BB2-0B6D-43F5-89FD-F4CEBA07139B}.Debug|Any CPU.ActiveCfg = Debug|Any CPU
		{5D208BB2-0B6D-43F5-89FD-F4CEBA07139B}.Debug|Any CPU.Build.0 = Debug|Any CPU
		{5D208BB2-0B6D-43F5-89FD-F4CEBA07139B}.Release|Any CPU.ActiveCfg = Release|Any CPU
		{5D208BB2-0B6D-43F5-89FD-F4CEBA07139B}.Release|Any CPU.Build.0 = Release|Any CPU
		{F63226AE-CCC9-4531-A83D-2876B623D0C3}.Debug|Any CPU.ActiveCfg = Debug|Any CPU
		{F63226AE-CCC9-4531-A83D-2876B623D0C3}.Debug|Any CPU.Build.0 = Debug|Any CPU
		{F63226AE-CCC9-4531-A83D-2876B623D0C3}.Release|Any CPU.ActiveCfg = Release|Any CPU
		{F63226AE-CCC9-4531-A83D-2876B623D0C3}.Release|Any CPU.Build.0 = Release|Any CPU
		{17522772-ACCE-4E10-93E1-48AFF9FD4281}.Debug|Any CPU.ActiveCfg = Debug|Any CPU
		{17522772-ACCE-4E10-93E1-48AFF9FD4281}.Debug|Any CPU.Build.0 = Debug|Any CPU
		{17522772-ACCE-4E10-93E1-48AFF9FD4281}.Release|Any CPU.ActiveCfg = Release|Any CPU
		{17522772-ACCE-4E10-93E1-48AFF9FD4281}.Release|Any CPU.Build.0 = Release|Any CPU
		{E3638462-B27E-43F4-92E0-F2FA99666B05}.Debug|Any CPU.ActiveCfg = Debug|Any CPU
		{E3638462-B27E-43F4-92E0-F2FA99666B05}.Debug|Any CPU.Build.0 = Debug|Any CPU
		{E3638462-B27E-43F4-92E0-F2FA99666B05}.Release|Any CPU.ActiveCfg = Release|Any CPU
		{E3638462-B27E-43F4-92E0-F2FA99666B05}.Release|Any CPU.Build.0 = Release|Any CPU
		{BADFE8D1-9477-4A55-8857-BC12E8E64FF5}.Debug|Any CPU.ActiveCfg = Debug|Any CPU
		{BADFE8D1-9477-4A55-8857-BC12E8E64FF5}.Debug|Any CPU.Build.0 = Debug|Any CPU
		{BADFE8D1-9477-4A55-8857-BC12E8E64FF5}.Release|Any CPU.ActiveCfg = Release|Any CPU
		{BADFE8D1-9477-4A55-8857-BC12E8E64FF5}.Release|Any CPU.Build.0 = Release|Any CPU
	EndGlobalSection
	GlobalSection(SolutionProperties) = preSolution
		HideSolutionNode = FALSE
	EndGlobalSection
	GlobalSection(ExtensibilityGlobals) = postSolution
		SolutionGuid = {613B3585-8FAF-4187-AAD1-4254B89C33FB}
	EndGlobalSection
EndGlobal
